
Microsoft Visual Studio Solution File, Format Version 12.00
# Visual Studio Version 17
VisualStudioVersion = 17.14.36109.1
MinimumVisualStudioVersion = 10.0.40219.1
Project("{FAE04EC0-301F-11D3-BF4B-00C04F79EFBC}") = "LabWork7", "LabWork7\LabWork7.csproj", "{4AF992CD-C088-4CBD-8FF9-146EBA113809}"
EndProject
Project("{FAE04EC0-301F-11D3-BF4B-00C04F79EFBC}") = "LabWork8", "LabWork8\LabWork8.csproj", "{56248BD3-BE70-4B16-95B1-4A558FBC8B11}"
EndProject
Global
	GlobalSection(SolutionConfigurationPlatforms) = preSolution
		Debug|Any CPU = Debug|Any CPU
		Release|Any CPU = Release|Any CPU
	EndGlobalSection
	GlobalSection(ProjectConfigurationPlatforms) = postSolution
		{4AF992CD-C088-4CBD-8FF9-146EBA113809}.Debug|Any CPU.ActiveCfg = Debug|Any CPU
		{4AF992CD-C088-4CBD-8FF9-146EBA113809}.Debug|Any CPU.Build.0 = Debug|Any CPU
		{4AF992CD-C088-4CBD-8FF9-146EBA113809}.Release|Any CPU.ActiveCfg = Release|Any CPU
		{4AF992CD-C088-4CBD-8FF9-146EBA113809}.Release|Any CPU.Build.0 = Release|Any CPU
		{56248BD3-BE70-4B16-95B1-4A558FBC8B11}.Debug|Any CPU.ActiveCfg = Debug|Any CPU
		{56248BD3-BE70-4B16-95B1-4A558FBC8B11}.Debug|Any CPU.Build.0 = Debug|Any CPU
		{56248BD3-BE70-4B16-95B1-4A558FBC8B11}.Release|Any CPU.ActiveCfg = Release|Any CPU
		{56248BD3-BE70-4B16-95B1-4A558FBC8B11}.Release|Any CPU.Build.0 = Release|Any CPU
	EndGlobalSection
	GlobalSection(SolutionProperties) = preSolution
		HideSolutionNode = FALSE
	EndGlobalSection
	GlobalSection(ExtensibilityGlobals) = postSolution
		SolutionGuid = {D323999F-5582-4539-9D69-28A48F510881}
	EndGlobalSection
EndGlobal
