
Microsoft Visual Studio Solution File, Format Version 12.00
# Visual Studio Version 17
VisualStudioVersion = 17.14.36109.1
MinimumVisualStudioVersion = 10.0.40219.1
Project("{FAE04EC0-301F-11D3-BF4B-00C04F79EFBC}") = "LabWork7", "LabWork7\LabWork7.csproj", "{4AF992CD-C088-4CBD-8FF9-146EBA113809}"
EndProject
Project("{FAE04EC0-301F-11D3-BF4B-00C04F79EFBC}") = "LabWork8", "LabWork8\LabWork8.csproj", "{56248BD3-BE70-4B16-95B1-4A558FBC8B11}"
EndProject
Project("{FAE04EC0-301F-11D3-BF4B-00C04F79EFBC}") = "LabWork9", "LabWork9\LabWork9.csproj", "{7BF63C95-8349-4473-B224-04E271FB8159}"
EndProject
Project("{FAE04EC0-301F-11D3-BF4B-00C04F79EFBC}") = "CinemaDbLibrary", "CinemaDbLibrary\CinemaDbLibrary.csproj", "{052127AB-F5AE-4B39-AF6D-099560317ECE}"
EndProject
Project("{FAE04EC0-301F-11D3-BF4B-00C04F79EFBC}") = "LabWork10", "LabWork10\LabWork10.csproj", "{E15705F4-AB58-4FF7-A7A6-6A7B34A07AD6}"
EndProject
Project("{FAE04EC0-301F-11D3-BF4B-00C04F79EFBC}") = "LabWork11", "LabWork11\LabWork11.csproj", "{66F393AB-3090-4BC1-864F-A157859B01CD}"
EndProject
Project("{FAE04EC0-301F-11D3-BF4B-00C04F79EFBC}") = "LabWork12", "LabWork12\LabWork12.csproj", "{A8B77E6E-9570-4CA6-9CA9-5FBB9DDCC6CB}"
EndProject
Project("{FAE04EC0-301F-11D3-BF4B-00C04F79EFBC}") = "LabWork12_1", "LabWork12+\LabWork12_1.csproj", "{30D86C86-1B12-4C2D-8B00-64FC70619D38}"
EndProject
Project("{FAE04EC0-301F-11D3-BF4B-00C04F79EFBC}") = "ConsoleApp1", "ConsoleApp1\ConsoleApp1.csproj", "{0D176215-EC29-4CEF-BB49-56E8BFE0144A}"
EndProject
Global
	GlobalSection(SolutionConfigurationPlatforms) = preSolution
		Debug|Any CPU = Debug|Any CPU
		Release|Any CPU = Release|Any CPU
	EndGlobalSection
	GlobalSection(ProjectConfigurationPlatforms) = postSolution
		{4AF992CD-C088-4CBD-8FF9-146EBA113809}.Debug|Any CPU.ActiveCfg = Debug|Any CPU
		{4AF992CD-C088-4CBD-8FF9-146EBA113809}.Debug|Any CPU.Build.0 = Debug|Any CPU
		{4AF992CD-C088-4CBD-8FF9-146EBA113809}.Release|Any CPU.ActiveCfg = Release|Any CPU
		{4AF992CD-C088-4CBD-8FF9-146EBA113809}.Release|Any CPU.Build.0 = Release|Any CPU
		{56248BD3-BE70-4B16-95B1-4A558FBC8B11}.Debug|Any CPU.ActiveCfg = Debug|Any CPU
		{56248BD3-BE70-4B16-95B1-4A558FBC8B11}.Debug|Any CPU.Build.0 = Debug|Any CPU
		{56248BD3-BE70-4B16-95B1-4A558FBC8B11}.Release|Any CPU.ActiveCfg = Release|Any CPU
		{56248BD3-BE70-4B16-95B1-4A558FBC8B11}.Release|Any CPU.Build.0 = Release|Any CPU
		{7BF63C95-8349-4473-B224-04E271FB8159}.Debug|Any CPU.ActiveCfg = Debug|Any CPU
		{7BF63C95-8349-4473-B224-04E271FB8159}.Debug|Any CPU.Build.0 = Debug|Any CPU
		{7BF63C95-8349-4473-B224-04E271FB8159}.Release|Any CPU.ActiveCfg = Release|Any CPU
		{7BF63C95-8349-4473-B224-04E271FB8159}.Release|Any CPU.Build.0 = Release|Any CPU
		{052127AB-F5AE-4B39-AF6D-099560317ECE}.Debug|Any CPU.ActiveCfg = Debug|Any CPU
		{052127AB-F5AE-4B39-AF6D-099560317ECE}.Debug|Any CPU.Build.0 = Debug|Any CPU
		{052127AB-F5AE-4B39-AF6D-099560317ECE}.Release|Any CPU.ActiveCfg = Release|Any CPU
		{052127AB-F5AE-4B39-AF6D-099560317ECE}.Release|Any CPU.Build.0 = Release|Any CPU
		{E15705F4-AB58-4FF7-A7A6-6A7B34A07AD6}.Debug|Any CPU.ActiveCfg = Debug|Any CPU
		{E15705F4-AB58-4FF7-A7A6-6A7B34A07AD6}.Debug|Any CPU.Build.0 = Debug|Any CPU
		{E15705F4-AB58-4FF7-A7A6-6A7B34A07AD6}.Release|Any CPU.ActiveCfg = Release|Any CPU
		{E15705F4-AB58-4FF7-A7A6-6A7B34A07AD6}.Release|Any CPU.Build.0 = Release|Any CPU
		{66F393AB-3090-4BC1-864F-A157859B01CD}.Debug|Any CPU.ActiveCfg = Debug|Any CPU
		{66F393AB-3090-4BC1-864F-A157859B01CD}.Debug|Any CPU.Build.0 = Debug|Any CPU
		{66F393AB-3090-4BC1-864F-A157859B01CD}.Release|Any CPU.ActiveCfg = Release|Any CPU
		{66F393AB-3090-4BC1-864F-A157859B01CD}.Release|Any CPU.Build.0 = Release|Any CPU
		{A8B77E6E-9570-4CA6-9CA9-5FBB9DDCC6CB}.Debug|Any CPU.ActiveCfg = Debug|Any CPU
		{A8B77E6E-9570-4CA6-9CA9-5FBB9DDCC6CB}.Debug|Any CPU.Build.0 = Debug|Any CPU
		{A8B77E6E-9570-4CA6-9CA9-5FBB9DDCC6CB}.Release|Any CPU.ActiveCfg = Release|Any CPU
		{A8B77E6E-9570-4CA6-9CA9-5FBB9DDCC6CB}.Release|Any CPU.Build.0 = Release|Any CPU
		{30D86C86-1B12-4C2D-8B00-64FC70619D38}.Debug|Any CPU.ActiveCfg = Debug|Any CPU
		{30D86C86-1B12-4C2D-8B00-64FC70619D38}.Debug|Any CPU.Build.0 = Debug|Any CPU
		{30D86C86-1B12-4C2D-8B00-64FC70619D38}.Release|Any CPU.ActiveCfg = Release|Any CPU
		{30D86C86-1B12-4C2D-8B00-64FC70619D38}.Release|Any CPU.Build.0 = Release|Any CPU
		{0D176215-EC29-4CEF-BB49-56E8BFE0144A}.Debug|Any CPU.ActiveCfg = Debug|Any CPU
		{0D176215-EC29-4CEF-BB49-56E8BFE0144A}.Debug|Any CPU.Build.0 = Debug|Any CPU
		{0D176215-EC29-4CEF-BB49-56E8BFE0144A}.Release|Any CPU.ActiveCfg = Release|Any CPU
		{0D176215-EC29-4CEF-BB49-56E8BFE0144A}.Release|Any CPU.Build.0 = Release|Any CPU
	EndGlobalSection
	GlobalSection(SolutionProperties) = preSolution
		HideSolutionNode = FALSE
	EndGlobalSection
	GlobalSection(ExtensibilityGlobals) = postSolution
		SolutionGuid = {D323999F-5582-4539-9D69-28A48F510881}
	EndGlobalSection
EndGlobal
